{
  "version": 4,
  "terraform_version": "1.7.3",
  "serial": 9,
  "lineage": "02a1ae1c-f55d-76b8-7c32-a5a48017f995",
  "outputs": {
    "public_ip": {
      "value": "20.59.108.184",
      "type": "string"
    },
    "resource_group_name": {
      "value": "sola0050-A05-RG",
      "type": "string"
    }
  },
  "resources": [
    {
      "mode": "data",
      "type": "cloudinit_config",
      "name": "init",
      "provider": "provider[\"registry.terraform.io/hashicorp/cloudinit\"]",
      "instances": [
        {
          "schema_version": 0,
          "attributes": {
            "base64_encode": true,
            "boundary": "MIMEBOUNDARY",
            "gzip": false,
            "id": "613735707",
            "part": [
              {
                "content": "#!/bin/bash\nsudo apt-get update\nsudo apt-get install -y apache2",
                "content_type": "text/x-shellscript",
                "filename": null,
                "merge_type": null
              }
            ],
            "rendered": "Q29udGVudC1UeXBlOiBtdWx0aXBhcnQvbWl4ZWQ7IGJvdW5kYXJ5PSJNSU1FQk9VTkRBUlkiCk1JTUUtVmVyc2lvbjogMS4wDQoNCi0tTUlNRUJPVU5EQVJZDQpDb250ZW50LVRyYW5zZmVyLUVuY29kaW5nOiA3Yml0DQpDb250ZW50LVR5cGU6IHRleHQveC1zaGVsbHNjcmlwdA0KTWltZS1WZXJzaW9uOiAxLjANCg0KIyEvYmluL2Jhc2gKc3VkbyBhcHQtZ2V0IHVwZGF0ZQpzdWRvIGFwdC1nZXQgaW5zdGFsbCAteSBhcGFjaGUyDQotLU1JTUVCT1VOREFSWS0tDQo="
          },
          "sensitive_attributes": []
        }
      ]
    },
    {
      "mode": "managed",
      "type": "azurerm_linux_virtual_machine",
      "name": "webserver",
      "provider": "provider[\"registry.terraform.io/hashicorp/azurerm\"]",
      "instances": [
        {
          "schema_version": 0,
          "attributes": {
            "additional_capabilities": [],
            "admin_password": null,
            "admin_ssh_key": [
              {
                "public_key": "ssh-rsa AAAAB3NzaC1yc2EAAAADAQABAAACAQDW6vx5Mse3Z4xVoBiNOJ90EEaiz1hzDS3DvOMSar6gvidOnJU6/B+TED75Yu5RHa+fBJD0dFS4cP0KJlcL1m3R5ODP6IWweVnfm6FS4wMRG3Grjy3m8tri8vND/U+8+c0QzMBVRGVbtK2qCH1ahjilBaLNZIepdW4BBImgaHkLG0YNYqgBrlfQrHN5/Jdf+9Lc67YII0jK84YgIV18dTyE5jbSJmchnN/HsS6eUwcuVh3IvYZx+Rc/Q7bmsrdPwvpAe2tQXgNV/GD2rpuXcYXvRIrpqWq/RVm3ZVoTG/tKCUalWTPwLAgP+0pGd9Ema0y5C52mm0LeCj0ZGsy/ZHk+i9zecE+l5F+r2Wf/KtorIV3ctAc3Z1bcLy4fYhmakyYc+EZ4whSWwDBP31rOR5YZO+5IQX5WxZUk/JABCXbFbckIZ6oyNdnxZxaUk1qRZk7AxLYN1dPFJgJAkTBiq2tyrjwXfhdDgbqLNY+7TXYOsU78sW1pPESywVc2RpdkD7g4ehoLwn+F9xrATn18goORcHtKuAvP2mdt1ZV4XwgFcQUF7MH40LCY/8vd1dOg+k2lXqlLVbGp/8fZndHelwj29+LY58VS7JPWPY5XiU+c17AHJiik9kuJxI7sJcv2A6S/4EUk94qn+fh969GWSMY2WeOKLN717yei6NfJoffCQw== solankiyash922@gmail.com\r\n",
                "username": "azureadmin"
              }
            ],
            "admin_username": "azureadmin",
            "allow_extension_operations": true,
            "availability_set_id": "",
            "boot_diagnostics": [],
            "computer_name": "sola0050-A05VM",
            "custom_data": "UTI5dWRHVnVkQzFVZVhCbE9pQnRkV3gwYVhCaGNuUXZiV2w0WldRN0lHSnZkVzVrWVhKNVBTSk5TVTFGUWs5VlRrUkJVbGtpQ2sxSlRVVXRWbVZ5YzJsdmJqb2dNUzR3RFFvTkNpMHRUVWxOUlVKUFZVNUVRVkpaRFFwRGIyNTBaVzUwTFZSeVlXNXpabVZ5TFVWdVkyOWthVzVuT2lBM1ltbDBEUXBEYjI1MFpXNTBMVlI1Y0dVNklIUmxlSFF2ZUMxemFHVnNiSE5qY21sd2RBMEtUV2x0WlMxV1pYSnphVzl1T2lBeExqQU5DZzBLSXlFdlltbHVMMkpoYzJnS2MzVmtieUJoY0hRdFoyVjBJSFZ3WkdGMFpRcHpkV1J2SUdGd2RDMW5aWFFnYVc1emRHRnNiQ0F0ZVNCaGNHRmphR1V5RFFvdExVMUpUVVZDVDFWT1JFRlNXUzB0RFFvPQ==",
            "dedicated_host_group_id": "",
            "dedicated_host_id": "",
            "disable_password_authentication": true,
            "edge_zone": "",
            "encryption_at_host_enabled": false,
            "eviction_policy": "",
            "extensions_time_budget": "PT1H30M",
            "id": "/subscriptions/7a5d5ef8-3d16-4013-a13a-970f033f476e/resourceGroups/sola0050-A05-RG/providers/Microsoft.Compute/virtualMachines/sola0050-A05VM",
            "identity": [],
            "license_type": "",
            "location": "westus",
            "max_bid_price": -1,
            "name": "sola0050-A05VM",
            "network_interface_ids": [
              "/subscriptions/7a5d5ef8-3d16-4013-a13a-970f033f476e/resourceGroups/sola0050-A05-RG/providers/Microsoft.Network/networkInterfaces/sola0050-A05Nic"
            ],
            "os_disk": [
              {
                "caching": "ReadWrite",
                "diff_disk_settings": [],
                "disk_encryption_set_id": "",
                "disk_size_gb": 30,
                "name": "sola0050-A05VM_disk1_3f40fa1ceae24f649901d9ec155e36f2",
                "storage_account_type": "Standard_LRS",
                "write_accelerator_enabled": false
              }
            ],
            "patch_mode": "ImageDefault",
            "plan": [],
            "platform_fault_domain": -1,
            "priority": "Regular",
            "private_ip_address": "10.0.1.4",
            "private_ip_addresses": [
              "10.0.1.4"
            ],
            "provision_vm_agent": true,
            "proximity_placement_group_id": "",
            "public_ip_address": "20.59.108.184",
            "public_ip_addresses": [
              "20.59.108.184"
            ],
            "resource_group_name": "sola0050-A05-RG",
            "secret": [],
            "secure_boot_enabled": false,
            "size": "Standard_B1s",
            "source_image_id": "",
            "source_image_reference": [
              {
                "offer": "0001-com-ubuntu-server-jammy",
                "publisher": "Canonical",
                "sku": "22_04-lts",
                "version": "latest"
              }
            ],
            "tags": null,
            "termination_notification": null,
            "timeouts": null,
            "user_data": "",
            "virtual_machine_id": "bccabeb9-9478-4d59-88f1-2a5e6d516568",
            "virtual_machine_scale_set_id": "",
            "vtpm_enabled": false,
            "zone": ""
          },
          "sensitive_attributes": [],
          "private": "eyJlMmJmYjczMC1lY2FhLTExZTYtOGY4OC0zNDM2M2JjN2M0YzAiOnsiY3JlYXRlIjoyNzAwMDAwMDAwMDAwLCJkZWxldGUiOjI3MDAwMDAwMDAwMDAsInJlYWQiOjMwMDAwMDAwMDAwMCwidXBkYXRlIjoyNzAwMDAwMDAwMDAwfX0=",
          "dependencies": [
            "azurerm_network_interface.webserver",
            "azurerm_public_ip.webserver",
            "azurerm_resource_group.rg",
            "azurerm_subnet.webserver",
            "azurerm_virtual_network.vnet",
            "data.cloudinit_config.init"
          ]
        }
      ]
    },
    {
      "mode": "managed",
      "type": "azurerm_network_interface",
      "name": "webserver",
      "provider": "provider[\"registry.terraform.io/hashicorp/azurerm\"]",
      "instances": [
        {
          "schema_version": 0,
          "attributes": {
            "applied_dns_servers": [],
            "dns_servers": [],
            "edge_zone": "",
            "enable_accelerated_networking": false,
            "enable_ip_forwarding": false,
            "id": "/subscriptions/7a5d5ef8-3d16-4013-a13a-970f033f476e/resourceGroups/sola0050-A05-RG/providers/Microsoft.Network/networkInterfaces/sola0050-A05Nic",
            "internal_dns_name_label": "",
            "internal_domain_name_suffix": "wpxbb1qdlkru1esdqrxiezfghh.dx.internal.cloudapp.net",
            "ip_configuration": [
              {
                "gateway_load_balancer_frontend_ip_configuration_id": "",
                "name": "sola0050-A05NicConfig",
                "primary": true,
                "private_ip_address": "10.0.1.4",
                "private_ip_address_allocation": "Dynamic",
                "private_ip_address_version": "IPv4",
                "public_ip_address_id": "/subscriptions/7a5d5ef8-3d16-4013-a13a-970f033f476e/resourceGroups/sola0050-A05-RG/providers/Microsoft.Network/publicIPAddresses/sola0050-A05PublicIP",
                "subnet_id": "/subscriptions/7a5d5ef8-3d16-4013-a13a-970f033f476e/resourceGroups/sola0050-A05-RG/providers/Microsoft.Network/virtualNetworks/sola0050-A05Vnet/subnets/sola0050-A05Subnet"
              }
            ],
            "location": "westus",
            "mac_address": "",
            "name": "sola0050-A05Nic",
            "private_ip_address": "10.0.1.4",
            "private_ip_addresses": [
              "10.0.1.4"
            ],
            "resource_group_name": "sola0050-A05-RG",
            "tags": null,
            "timeouts": null,
            "virtual_machine_id": ""
          },
          "sensitive_attributes": [],
          "private": "eyJlMmJmYjczMC1lY2FhLTExZTYtOGY4OC0zNDM2M2JjN2M0YzAiOnsiY3JlYXRlIjoxODAwMDAwMDAwMDAwLCJkZWxldGUiOjE4MDAwMDAwMDAwMDAsInJlYWQiOjMwMDAwMDAwMDAwMCwidXBkYXRlIjoxODAwMDAwMDAwMDAwfX0=",
          "dependencies": [
            "azurerm_public_ip.webserver",
            "azurerm_resource_group.rg",
            "azurerm_subnet.webserver",
            "azurerm_virtual_network.vnet"
          ]
        }
      ]
    },
    {
      "mode": "managed",
      "type": "azurerm_network_interface_security_group_association",
      "name": "webserver",
      "provider": "provider[\"registry.terraform.io/hashicorp/azurerm\"]",
      "instances": [
        {
          "schema_version": 0,
          "attributes": {
            "id": "/subscriptions/7a5d5ef8-3d16-4013-a13a-970f033f476e/resourceGroups/sola0050-A05-RG/providers/Microsoft.Network/networkInterfaces/sola0050-A05Nic|/subscriptions/7a5d5ef8-3d16-4013-a13a-970f033f476e/resourceGroups/sola0050-A05-RG/providers/Microsoft.Network/networkSecurityGroups/sola0050-A05NSG",
            "network_interface_id": "/subscriptions/7a5d5ef8-3d16-4013-a13a-970f033f476e/resourceGroups/sola0050-A05-RG/providers/Microsoft.Network/networkInterfaces/sola0050-A05Nic",
            "network_security_group_id": "/subscriptions/7a5d5ef8-3d16-4013-a13a-970f033f476e/resourceGroups/sola0050-A05-RG/providers/Microsoft.Network/networkSecurityGroups/sola0050-A05NSG",
            "timeouts": null
          },
          "sensitive_attributes": [],
          "private": "eyJlMmJmYjczMC1lY2FhLTExZTYtOGY4OC0zNDM2M2JjN2M0YzAiOnsiY3JlYXRlIjoxODAwMDAwMDAwMDAwLCJkZWxldGUiOjE4MDAwMDAwMDAwMDAsInJlYWQiOjMwMDAwMDAwMDAwMCwidXBkYXRlIjoxODAwMDAwMDAwMDAwfX0=",
          "dependencies": [
            "azurerm_network_interface.webserver",
            "azurerm_network_security_group.webserver",
            "azurerm_public_ip.webserver",
            "azurerm_resource_group.rg",
            "azurerm_subnet.webserver",
            "azurerm_virtual_network.vnet"
          ]
        }
      ]
    },
    {
      "mode": "managed",
      "type": "azurerm_network_security_group",
      "name": "webserver",
      "provider": "provider[\"registry.terraform.io/hashicorp/azurerm\"]",
      "instances": [
        {
          "schema_version": 0,
          "attributes": {
            "id": "/subscriptions/7a5d5ef8-3d16-4013-a13a-970f033f476e/resourceGroups/sola0050-A05-RG/providers/Microsoft.Network/networkSecurityGroups/sola0050-A05NSG",
            "location": "westus",
            "name": "sola0050-A05NSG",
            "resource_group_name": "sola0050-A05-RG",
            "security_rule": [
              {
                "access": "Allow",
                "description": "",
                "destination_address_prefix": "*",
                "destination_address_prefixes": [],
                "destination_application_security_group_ids": [],
                "destination_port_range": "22",
                "destination_port_ranges": [],
                "direction": "Inbound",
                "name": "SSH",
                "priority": 100,
                "protocol": "Tcp",
                "source_address_prefix": "*",
                "source_address_prefixes": [],
                "source_application_security_group_ids": [],
                "source_port_range": "*",
                "source_port_ranges": []
              },
              {
                "access": "Allow",
                "description": "",
                "destination_address_prefix": "*",
                "destination_address_prefixes": [],
                "destination_application_security_group_ids": [],
                "destination_port_range": "80",
                "destination_port_ranges": [],
                "direction": "Inbound",
                "name": "HTTP",
                "priority": 101,
                "protocol": "Tcp",
                "source_address_prefix": "*",
                "source_address_prefixes": [],
                "source_application_security_group_ids": [],
                "source_port_range": "*",
                "source_port_ranges": []
              }
            ],
            "tags": null,
            "timeouts": null
          },
          "sensitive_attributes": [],
          "private": "eyJlMmJmYjczMC1lY2FhLTExZTYtOGY4OC0zNDM2M2JjN2M0YzAiOnsiY3JlYXRlIjoxODAwMDAwMDAwMDAwLCJkZWxldGUiOjE4MDAwMDAwMDAwMDAsInJlYWQiOjMwMDAwMDAwMDAwMCwidXBkYXRlIjoxODAwMDAwMDAwMDAwfX0=",
          "dependencies": [
            "azurerm_resource_group.rg"
          ]
        }
      ]
    },
    {
      "mode": "managed",
      "type": "azurerm_public_ip",
      "name": "webserver",
      "provider": "provider[\"registry.terraform.io/hashicorp/azurerm\"]",
      "instances": [
        {
          "schema_version": 0,
          "attributes": {
            "allocation_method": "Dynamic",
            "domain_name_label": null,
            "edge_zone": "",
            "fqdn": null,
            "id": "/subscriptions/7a5d5ef8-3d16-4013-a13a-970f033f476e/resourceGroups/sola0050-A05-RG/providers/Microsoft.Network/publicIPAddresses/sola0050-A05PublicIP",
            "idle_timeout_in_minutes": 4,
            "ip_address": "",
            "ip_tags": null,
            "ip_version": "IPv4",
            "location": "westus",
            "name": "sola0050-A05PublicIP",
            "public_ip_prefix_id": null,
            "resource_group_name": "sola0050-A05-RG",
            "reverse_fqdn": null,
            "sku": "Basic",
            "sku_tier": "Regional",
            "tags": null,
            "timeouts": null,
            "zones": null
          },
          "sensitive_attributes": [],
          "private": "eyJlMmJmYjczMC1lY2FhLTExZTYtOGY4OC0zNDM2M2JjN2M0YzAiOnsiY3JlYXRlIjoxODAwMDAwMDAwMDAwLCJkZWxldGUiOjE4MDAwMDAwMDAwMDAsInJlYWQiOjMwMDAwMDAwMDAwMCwidXBkYXRlIjoxODAwMDAwMDAwMDAwfX0=",
          "dependencies": [
            "azurerm_resource_group.rg"
          ]
        }
      ]
    },
    {
      "mode": "managed",
      "type": "azurerm_resource_group",
      "name": "rg",
      "provider": "provider[\"registry.terraform.io/hashicorp/azurerm\"]",
      "instances": [
        {
          "schema_version": 0,
          "attributes": {
            "id": "/subscriptions/7a5d5ef8-3d16-4013-a13a-970f033f476e/resourceGroups/sola0050-A05-RG",
            "location": "westus",
            "name": "sola0050-A05-RG",
            "tags": null,
            "timeouts": null
          },
          "sensitive_attributes": [],
          "private": "eyJlMmJmYjczMC1lY2FhLTExZTYtOGY4OC0zNDM2M2JjN2M0YzAiOnsiY3JlYXRlIjo1NDAwMDAwMDAwMDAwLCJkZWxldGUiOjU0MDAwMDAwMDAwMDAsInJlYWQiOjMwMDAwMDAwMDAwMCwidXBkYXRlIjo1NDAwMDAwMDAwMDAwfX0="
        }
      ]
    },
    {
      "mode": "managed",
      "type": "azurerm_subnet",
      "name": "webserver",
      "provider": "provider[\"registry.terraform.io/hashicorp/azurerm\"]",
      "instances": [
        {
          "schema_version": 0,
          "attributes": {
            "address_prefixes": [
              "10.0.1.0/24"
            ],
            "delegation": [],
            "enforce_private_link_endpoint_network_policies": false,
            "enforce_private_link_service_network_policies": false,
            "id": "/subscriptions/7a5d5ef8-3d16-4013-a13a-970f033f476e/resourceGroups/sola0050-A05-RG/providers/Microsoft.Network/virtualNetworks/sola0050-A05Vnet/subnets/sola0050-A05Subnet",
            "name": "sola0050-A05Subnet",
            "resource_group_name": "sola0050-A05-RG",
            "service_endpoint_policy_ids": null,
            "service_endpoints": null,
            "timeouts": null,
            "virtual_network_name": "sola0050-A05Vnet"
          },
          "sensitive_attributes": [],
          "private": "eyJlMmJmYjczMC1lY2FhLTExZTYtOGY4OC0zNDM2M2JjN2M0YzAiOnsiY3JlYXRlIjoxODAwMDAwMDAwMDAwLCJkZWxldGUiOjE4MDAwMDAwMDAwMDAsInJlYWQiOjMwMDAwMDAwMDAwMCwidXBkYXRlIjoxODAwMDAwMDAwMDAwfX0=",
          "dependencies": [
            "azurerm_resource_group.rg",
            "azurerm_virtual_network.vnet"
          ]
        }
      ]
    },
    {
      "mode": "managed",
      "type": "azurerm_virtual_network",
      "name": "vnet",
      "provider": "provider[\"registry.terraform.io/hashicorp/azurerm\"]",
      "instances": [
        {
          "schema_version": 0,
          "attributes": {
            "address_space": [
              "10.0.0.0/16"
            ],
            "bgp_community": "",
            "ddos_protection_plan": [],
            "dns_servers": [],
            "edge_zone": "",
            "flow_timeout_in_minutes": 0,
            "guid": "ee10eeb3-5a03-4da3-9243-846e8264a63f",
            "id": "/subscriptions/7a5d5ef8-3d16-4013-a13a-970f033f476e/resourceGroups/sola0050-A05-RG/providers/Microsoft.Network/virtualNetworks/sola0050-A05Vnet",
            "location": "westus",
            "name": "sola0050-A05Vnet",
            "resource_group_name": "sola0050-A05-RG",
            "subnet": [],
            "tags": null,
            "timeouts": null
          },
          "sensitive_attributes": [],
          "private": "eyJlMmJmYjczMC1lY2FhLTExZTYtOGY4OC0zNDM2M2JjN2M0YzAiOnsiY3JlYXRlIjoxODAwMDAwMDAwMDAwLCJkZWxldGUiOjE4MDAwMDAwMDAwMDAsInJlYWQiOjMwMDAwMDAwMDAwMCwidXBkYXRlIjoxODAwMDAwMDAwMDAwfX0=",
          "dependencies": [
            "azurerm_resource_group.rg"
          ]
        }
      ]
    }
  ],
  "check_results": null
}
